// !$*UTF8*$!
{
	archiveVersion = 1;
	classes = {
	};
	objectVersion = 50;
	objects = {

/* Begin PBXBuildFile section */
		272600E021A9EAAC0059B2F1 /* MessageService.swift in Sources */ = {isa = PBXBuildFile; fileRef = 272600DF21A9EAAC0059B2F1 /* MessageService.swift */; };
		272600E221A9EBC00059B2F1 /* Channel.swift in Sources */ = {isa = PBXBuildFile; fileRef = 272600E121A9EBC00059B2F1 /* Channel.swift */; };
		2780105921A9FB7B004C19D5 /* ChannelCell.swift in Sources */ = {isa = PBXBuildFile; fileRef = 2780105821A9FB7B004C19D5 /* ChannelCell.swift */; };
		279824EC219C8C2100E53760 /* GradientView.swift in Sources */ = {isa = PBXBuildFile; fileRef = 279824EB219C8C2100E53760 /* GradientView.swift */; };
		279824EF219CA91300E53760 /* Identifiers.swift in Sources */ = {isa = PBXBuildFile; fileRef = 279824EE219CA91300E53760 /* Identifiers.swift */; };
		279824F1219CB94C00E53760 /* LoginViewController.swift in Sources */ = {isa = PBXBuildFile; fileRef = 279824F0219CB94C00E53760 /* LoginViewController.swift */; };
		279824F3219CC0CD00E53760 /* CreateAccountViewController.swift in Sources */ = {isa = PBXBuildFile; fileRef = 279824F2219CC0CD00E53760 /* CreateAccountViewController.swift */; };
		27B0614C219EDDB400BB77E0 /* AvatarPickerController.swift in Sources */ = {isa = PBXBuildFile; fileRef = 27B0614B219EDDB400BB77E0 /* AvatarPickerController.swift */; };
		27B0614E219EE01C00BB77E0 /* AvatarCell.swift in Sources */ = {isa = PBXBuildFile; fileRef = 27B0614D219EE01C00BB77E0 /* AvatarCell.swift */; };
		27B06150219EE50200BB77E0 /* Avatar.swift in Sources */ = {isa = PBXBuildFile; fileRef = 27B0614F219EE50200BB77E0 /* Avatar.swift */; };
		27B06152219F0F0E00BB77E0 /* CircleImageView.swift in Sources */ = {isa = PBXBuildFile; fileRef = 27B06151219F0F0E00BB77E0 /* CircleImageView.swift */; };
		27B0615521A035FC00BB77E0 /* ProfileViewController.swift in Sources */ = {isa = PBXBuildFile; fileRef = 27B0615321A035FC00BB77E0 /* ProfileViewController.swift */; };
		27B0615621A035FC00BB77E0 /* ProfileViewController.xib in Resources */ = {isa = PBXBuildFile; fileRef = 27B0615421A035FC00BB77E0 /* ProfileViewController.xib */; };
		27FEF41B219DC9780054AA50 /* AuthService.swift in Sources */ = {isa = PBXBuildFile; fileRef = 27FEF41A219DC9780054AA50 /* AuthService.swift */; };
		27FEF41D219DE3B20054AA50 /* RoundedButton.swift in Sources */ = {isa = PBXBuildFile; fileRef = 27FEF41C219DE3B20054AA50 /* RoundedButton.swift */; };
		440EEAE5219C7E32007577AD /* ChatViewController.swift in Sources */ = {isa = PBXBuildFile; fileRef = 440EEAE4219C7E32007577AD /* ChatViewController.swift */; };
		440EEAE7219C7E45007577AD /* ChannelViewController.swift in Sources */ = {isa = PBXBuildFile; fileRef = 440EEAE6219C7E45007577AD /* ChannelViewController.swift */; };
		440EEAE9219E3AF9007577AD /* LoginResponse.swift in Sources */ = {isa = PBXBuildFile; fileRef = 440EEAE8219E3AF9007577AD /* LoginResponse.swift */; };
		440EEAEB219E490C007577AD /* CreateUserResponse.swift in Sources */ = {isa = PBXBuildFile; fileRef = 440EEAEA219E490C007577AD /* CreateUserResponse.swift */; };
		440EEAED219E4E13007577AD /* CurrentUserService.swift in Sources */ = {isa = PBXBuildFile; fileRef = 440EEAEC219E4E13007577AD /* CurrentUserService.swift */; };
		440EEAEF219E4EC9007577AD /* User.swift in Sources */ = {isa = PBXBuildFile; fileRef = 440EEAEE219E4EC9007577AD /* User.swift */; };
		44748C78219C6E1500AAF0FA /* AppDelegate.swift in Sources */ = {isa = PBXBuildFile; fileRef = 44748C77219C6E1500AAF0FA /* AppDelegate.swift */; };
		44748C7D219C6E1500AAF0FA /* Main.storyboard in Resources */ = {isa = PBXBuildFile; fileRef = 44748C7B219C6E1500AAF0FA /* Main.storyboard */; };
		44748C82219C6E1700AAF0FA /* LaunchScreen.storyboard in Resources */ = {isa = PBXBuildFile; fileRef = 44748C80219C6E1700AAF0FA /* LaunchScreen.storyboard */; };
		44748C8A219C6F5300AAF0FA /* Assets.xcassets in Resources */ = {isa = PBXBuildFile; fileRef = 44748C89219C6F5300AAF0FA /* Assets.xcassets */; };
		EF7153A01403F629B7CD748B /* Pods_Smack.framework in Frameworks */ = {isa = PBXBuildFile; fileRef = 1B94C48DACFAE808FD67E9BE /* Pods_Smack.framework */; };
/* End PBXBuildFile section */

/* Begin PBXFileReference section */
		1B94C48DACFAE808FD67E9BE /* Pods_Smack.framework */ = {isa = PBXFileReference; explicitFileType = wrapper.framework; includeInIndex = 0; path = Pods_Smack.framework; sourceTree = BUILT_PRODUCTS_DIR; };
		272600DF21A9EAAC0059B2F1 /* MessageService.swift */ = {isa = PBXFileReference; lastKnownFileType = sourcecode.swift; path = MessageService.swift; sourceTree = "<group>"; };
		272600E121A9EBC00059B2F1 /* Channel.swift */ = {isa = PBXFileReference; lastKnownFileType = sourcecode.swift; path = Channel.swift; sourceTree = "<group>"; };
		2780105821A9FB7B004C19D5 /* ChannelCell.swift */ = {isa = PBXFileReference; lastKnownFileType = sourcecode.swift; path = ChannelCell.swift; sourceTree = "<group>"; };
		279824EB219C8C2100E53760 /* GradientView.swift */ = {isa = PBXFileReference; lastKnownFileType = sourcecode.swift; path = GradientView.swift; sourceTree = "<group>"; };
		279824EE219CA91300E53760 /* Identifiers.swift */ = {isa = PBXFileReference; lastKnownFileType = sourcecode.swift; path = Identifiers.swift; sourceTree = "<group>"; };
		279824F0219CB94C00E53760 /* LoginViewController.swift */ = {isa = PBXFileReference; lastKnownFileType = sourcecode.swift; path = LoginViewController.swift; sourceTree = "<group>"; };
		279824F2219CC0CD00E53760 /* CreateAccountViewController.swift */ = {isa = PBXFileReference; lastKnownFileType = sourcecode.swift; path = CreateAccountViewController.swift; sourceTree = "<group>"; };
		27B0614B219EDDB400BB77E0 /* AvatarPickerController.swift */ = {isa = PBXFileReference; lastKnownFileType = sourcecode.swift; path = AvatarPickerController.swift; sourceTree = "<group>"; };
		27B0614D219EE01C00BB77E0 /* AvatarCell.swift */ = {isa = PBXFileReference; lastKnownFileType = sourcecode.swift; path = AvatarCell.swift; sourceTree = "<group>"; };
		27B0614F219EE50200BB77E0 /* Avatar.swift */ = {isa = PBXFileReference; lastKnownFileType = sourcecode.swift; path = Avatar.swift; sourceTree = "<group>"; };
		27B06151219F0F0E00BB77E0 /* CircleImageView.swift */ = {isa = PBXFileReference; lastKnownFileType = sourcecode.swift; path = CircleImageView.swift; sourceTree = "<group>"; };
		27B0615321A035FC00BB77E0 /* ProfileViewController.swift */ = {isa = PBXFileReference; lastKnownFileType = sourcecode.swift; path = ProfileViewController.swift; sourceTree = "<group>"; };
		27B0615421A035FC00BB77E0 /* ProfileViewController.xib */ = {isa = PBXFileReference; lastKnownFileType = file.xib; path = ProfileViewController.xib; sourceTree = "<group>"; };
		27FEF41A219DC9780054AA50 /* AuthService.swift */ = {isa = PBXFileReference; lastKnownFileType = sourcecode.swift; path = AuthService.swift; sourceTree = "<group>"; };
		27FEF41C219DE3B20054AA50 /* RoundedButton.swift */ = {isa = PBXFileReference; lastKnownFileType = sourcecode.swift; path = RoundedButton.swift; sourceTree = "<group>"; };
		440EEAE4219C7E32007577AD /* ChatViewController.swift */ = {isa = PBXFileReference; lastKnownFileType = sourcecode.swift; path = ChatViewController.swift; sourceTree = "<group>"; };
		440EEAE6219C7E45007577AD /* ChannelViewController.swift */ = {isa = PBXFileReference; lastKnownFileType = sourcecode.swift; path = ChannelViewController.swift; sourceTree = "<group>"; };
		440EEAE8219E3AF9007577AD /* LoginResponse.swift */ = {isa = PBXFileReference; lastKnownFileType = sourcecode.swift; path = LoginResponse.swift; sourceTree = "<group>"; };
		440EEAEA219E490C007577AD /* CreateUserResponse.swift */ = {isa = PBXFileReference; lastKnownFileType = sourcecode.swift; path = CreateUserResponse.swift; sourceTree = "<group>"; };
		440EEAEC219E4E13007577AD /* CurrentUserService.swift */ = {isa = PBXFileReference; lastKnownFileType = sourcecode.swift; path = CurrentUserService.swift; sourceTree = "<group>"; };
		440EEAEE219E4EC9007577AD /* User.swift */ = {isa = PBXFileReference; lastKnownFileType = sourcecode.swift; path = User.swift; sourceTree = "<group>"; };
		44748C74219C6E1500AAF0FA /* Smack.app */ = {isa = PBXFileReference; explicitFileType = wrapper.application; includeInIndex = 0; path = Smack.app; sourceTree = BUILT_PRODUCTS_DIR; };
		44748C77219C6E1500AAF0FA /* AppDelegate.swift */ = {isa = PBXFileReference; lastKnownFileType = sourcecode.swift; path = AppDelegate.swift; sourceTree = "<group>"; };
		44748C7C219C6E1500AAF0FA /* Base */ = {isa = PBXFileReference; lastKnownFileType = file.storyboard; name = Base; path = Base.lproj/Main.storyboard; sourceTree = "<group>"; };
		44748C81219C6E1700AAF0FA /* Base */ = {isa = PBXFileReference; lastKnownFileType = file.storyboard; name = Base; path = Base.lproj/LaunchScreen.storyboard; sourceTree = "<group>"; };
		44748C83219C6E1700AAF0FA /* Info.plist */ = {isa = PBXFileReference; lastKnownFileType = text.plist.xml; path = Info.plist; sourceTree = "<group>"; };
		44748C89219C6F5300AAF0FA /* Assets.xcassets */ = {isa = PBXFileReference; lastKnownFileType = folder.assetcatalog; path = Assets.xcassets; sourceTree = "<group>"; };
		6987FA877B3C861B64E9C5A2 /* Pods-Smack.debug.xcconfig */ = {isa = PBXFileReference; includeInIndex = 1; lastKnownFileType = text.xcconfig; name = "Pods-Smack.debug.xcconfig"; path = "Target Support Files/Pods-Smack/Pods-Smack.debug.xcconfig"; sourceTree = "<group>"; };
		DC73423939772108D068566D /* Pods-Smack.release.xcconfig */ = {isa = PBXFileReference; includeInIndex = 1; lastKnownFileType = text.xcconfig; name = "Pods-Smack.release.xcconfig"; path = "Target Support Files/Pods-Smack/Pods-Smack.release.xcconfig"; sourceTree = "<group>"; };
/* End PBXFileReference section */

/* Begin PBXFrameworksBuildPhase section */
		44748C71219C6E1500AAF0FA /* Frameworks */ = {
			isa = PBXFrameworksBuildPhase;
			buildActionMask = 2147483647;
			files = (
				EF7153A01403F629B7CD748B /* Pods_Smack.framework in Frameworks */,
			);
			runOnlyForDeploymentPostprocessing = 0;
		};
/* End PBXFrameworksBuildPhase section */

/* Begin PBXGroup section */
		207E70C282B61C1FED6E854F /* Pods */ = {
			isa = PBXGroup;
			children = (
				6987FA877B3C861B64E9C5A2 /* Pods-Smack.debug.xcconfig */,
				DC73423939772108D068566D /* Pods-Smack.release.xcconfig */,
			);
			path = Pods;
			sourceTree = "<group>";
		};
		279824ED219CA8FE00E53760 /* Constants */ = {
			isa = PBXGroup;
			children = (
				279824EE219CA91300E53760 /* Identifiers.swift */,
			);
			path = Constants;
			sourceTree = "<group>";
		};
		27B0615721A0360300BB77E0 /* XIB */ = {
			isa = PBXGroup;
			children = (
				27B0615421A035FC00BB77E0 /* ProfileViewController.xib */,
			);
			path = XIB;
			sourceTree = "<group>";
		};
		27FEF419219DC9630054AA50 /* Services */ = {
			isa = PBXGroup;
			children = (
				27FEF41A219DC9780054AA50 /* AuthService.swift */,
				440EEAEC219E4E13007577AD /* CurrentUserService.swift */,
				272600DF21A9EAAC0059B2F1 /* MessageService.swift */,
			);
			path = Services;
			sourceTree = "<group>";
		};
		440EEAE1219C7DFC007577AD /* Controller */ = {
			isa = PBXGroup;
			children = (
				440EEAE4219C7E32007577AD /* ChatViewController.swift */,
				440EEAE6219C7E45007577AD /* ChannelViewController.swift */,
				279824F0219CB94C00E53760 /* LoginViewController.swift */,
				279824F2219CC0CD00E53760 /* CreateAccountViewController.swift */,
				27B0614B219EDDB400BB77E0 /* AvatarPickerController.swift */,
				27B0615321A035FC00BB77E0 /* ProfileViewController.swift */,
			);
			path = Controller;
			sourceTree = "<group>";
		};
		440EEAE2219C7E05007577AD /* View */ = {
			isa = PBXGroup;
			children = (
				279824EB219C8C2100E53760 /* GradientView.swift */,
				27FEF41C219DE3B20054AA50 /* RoundedButton.swift */,
				27B0614D219EE01C00BB77E0 /* AvatarCell.swift */,
				27B06151219F0F0E00BB77E0 /* CircleImageView.swift */,
				2780105821A9FB7B004C19D5 /* ChannelCell.swift */,
			);
			path = View;
			sourceTree = "<group>";
		};
		440EEAE3219C7E0B007577AD /* Model */ = {
			isa = PBXGroup;
			children = (
				440EEAE8219E3AF9007577AD /* LoginResponse.swift */,
				440EEAEA219E490C007577AD /* CreateUserResponse.swift */,
				440EEAEE219E4EC9007577AD /* User.swift */,
				27B0614F219EE50200BB77E0 /* Avatar.swift */,
				272600E121A9EBC00059B2F1 /* Channel.swift */,
			);
			path = Model;
			sourceTree = "<group>";
		};
		44748C6B219C6E1500AAF0FA = {
			isa = PBXGroup;
			children = (
				44748C76219C6E1500AAF0FA /* Smack */,
				44748C75219C6E1500AAF0FA /* Products */,
				207E70C282B61C1FED6E854F /* Pods */,
				7AAEABFF5E0EDEF88390CB30 /* Frameworks */,
			);
			sourceTree = "<group>";
		};
		44748C75219C6E1500AAF0FA /* Products */ = {
			isa = PBXGroup;
			children = (
				44748C74219C6E1500AAF0FA /* Smack.app */,
			);
			name = Products;
			sourceTree = "<group>";
		};
		44748C76219C6E1500AAF0FA /* Smack */ = {
			isa = PBXGroup;
			children = (
				27B0615721A0360300BB77E0 /* XIB */,
				27FEF419219DC9630054AA50 /* Services */,
				279824ED219CA8FE00E53760 /* Constants */,
				44748C77219C6E1500AAF0FA /* AppDelegate.swift */,
				44748C89219C6F5300AAF0FA /* Assets.xcassets */,
				440EEAE1219C7DFC007577AD /* Controller */,
				44748C83219C6E1700AAF0FA /* Info.plist */,
				44748C80219C6E1700AAF0FA /* LaunchScreen.storyboard */,
				44748C7B219C6E1500AAF0FA /* Main.storyboard */,
				440EEAE3219C7E0B007577AD /* Model */,
				440EEAE2219C7E05007577AD /* View */,
			);
			path = Smack;
			sourceTree = "<group>";
		};
		7AAEABFF5E0EDEF88390CB30 /* Frameworks */ = {
			isa = PBXGroup;
			children = (
				1B94C48DACFAE808FD67E9BE /* Pods_Smack.framework */,
			);
			name = Frameworks;
			sourceTree = "<group>";
		};
/* End PBXGroup section */

/* Begin PBXNativeTarget section */
		44748C73219C6E1500AAF0FA /* Smack */ = {
			isa = PBXNativeTarget;
			buildConfigurationList = 44748C86219C6E1700AAF0FA /* Build configuration list for PBXNativeTarget "Smack" */;
			buildPhases = (
				E1C233784AFD58C469EF0B90 /* [CP] Check Pods Manifest.lock */,
				44748C70219C6E1500AAF0FA /* Sources */,
				44748C71219C6E1500AAF0FA /* Frameworks */,
				44748C72219C6E1500AAF0FA /* Resources */,
				8DA1AE874DC106F4867F8EB9 /* [CP] Embed Pods Frameworks */,
			);
			buildRules = (
			);
			dependencies = (
			);
			name = Smack;
			productName = Smack;
			productReference = 44748C74219C6E1500AAF0FA /* Smack.app */;
			productType = "com.apple.product-type.application";
		};
/* End PBXNativeTarget section */

/* Begin PBXProject section */
		44748C6C219C6E1500AAF0FA /* Project object */ = {
			isa = PBXProject;
			attributes = {
				LastSwiftUpdateCheck = 1010;
				LastUpgradeCheck = 1010;
				ORGANIZATIONNAME = "Katherine Ebel";
				TargetAttributes = {
					44748C73219C6E1500AAF0FA = {
						CreatedOnToolsVersion = 10.1;
						LastSwiftMigration = 1010;
					};
				};
			};
			buildConfigurationList = 44748C6F219C6E1500AAF0FA /* Build configuration list for PBXProject "Smack" */;
			compatibilityVersion = "Xcode 9.3";
			developmentRegion = en;
			hasScannedForEncodings = 0;
			knownRegions = (
				en,
				Base,
			);
			mainGroup = 44748C6B219C6E1500AAF0FA;
			productRefGroup = 44748C75219C6E1500AAF0FA /* Products */;
			projectDirPath = "";
			projectRoot = "";
			targets = (
				44748C73219C6E1500AAF0FA /* Smack */,
			);
		};
/* End PBXProject section */

/* Begin PBXResourcesBuildPhase section */
		44748C72219C6E1500AAF0FA /* Resources */ = {
			isa = PBXResourcesBuildPhase;
			buildActionMask = 2147483647;
			files = (
				44748C82219C6E1700AAF0FA /* LaunchScreen.storyboard in Resources */,
				44748C8A219C6F5300AAF0FA /* Assets.xcassets in Resources */,
				27B0615621A035FC00BB77E0 /* ProfileViewController.xib in Resources */,
				44748C7D219C6E1500AAF0FA /* Main.storyboard in Resources */,
			);
			runOnlyForDeploymentPostprocessing = 0;
		};
/* End PBXResourcesBuildPhase section */

/* Begin PBXShellScriptBuildPhase section */
		8DA1AE874DC106F4867F8EB9 /* [CP] Embed Pods Frameworks */ = {
			isa = PBXShellScriptBuildPhase;
			buildActionMask = 2147483647;
			files = (
			);
			inputFileListPaths = (
			);
			inputPaths = (
				"${PODS_ROOT}/Target Support Files/Pods-Smack/Pods-Smack-frameworks.sh",
				"${BUILT_PRODUCTS_DIR}/Alamofire/Alamofire.framework",
				"${BUILT_PRODUCTS_DIR}/PBRevealViewController/PBRevealViewController.framework",
				"${BUILT_PRODUCTS_DIR}/Socket.IO-Client-Swift/SocketIO.framework",
				"${BUILT_PRODUCTS_DIR}/Starscream/Starscream.framework",
				"${BUILT_PRODUCTS_DIR}/SwiftyJSON/SwiftyJSON.framework",
			);
			name = "[CP] Embed Pods Frameworks";
			outputFileListPaths = (
			);
			outputPaths = (
				"${TARGET_BUILD_DIR}/${FRAMEWORKS_FOLDER_PATH}/Alamofire.framework",
				"${TARGET_BUILD_DIR}/${FRAMEWORKS_FOLDER_PATH}/PBRevealViewController.framework",
				"${TARGET_BUILD_DIR}/${FRAMEWORKS_FOLDER_PATH}/SocketIO.framework",
				"${TARGET_BUILD_DIR}/${FRAMEWORKS_FOLDER_PATH}/Starscream.framework",
				"${TARGET_BUILD_DIR}/${FRAMEWORKS_FOLDER_PATH}/SwiftyJSON.framework",
			);
			runOnlyForDeploymentPostprocessing = 0;
			shellPath = /bin/sh;
			shellScript = "\"${PODS_ROOT}/Target Support Files/Pods-Smack/Pods-Smack-frameworks.sh\"\n";
			showEnvVarsInLog = 0;
		};
		E1C233784AFD58C469EF0B90 /* [CP] Check Pods Manifest.lock */ = {
			isa = PBXShellScriptBuildPhase;
			buildActionMask = 2147483647;
			files = (
			);
			inputFileListPaths = (
			);
			inputPaths = (
				"${PODS_PODFILE_DIR_PATH}/Podfile.lock",
				"${PODS_ROOT}/Manifest.lock",
			);
			name = "[CP] Check Pods Manifest.lock";
			outputFileListPaths = (
			);
			outputPaths = (
				"$(DERIVED_FILE_DIR)/Pods-Smack-checkManifestLockResult.txt",
			);
			runOnlyForDeploymentPostprocessing = 0;
			shellPath = /bin/sh;
			shellScript = "diff \"${PODS_PODFILE_DIR_PATH}/Podfile.lock\" \"${PODS_ROOT}/Manifest.lock\" > /dev/null\nif [ $? != 0 ] ; then\n    # print error to STDERR\n    echo \"error: The sandbox is not in sync with the Podfile.lock. Run 'pod install' or update your CocoaPods installation.\" >&2\n    exit 1\nfi\n# This output is used by Xcode 'outputs' to avoid re-running this script phase.\necho \"SUCCESS\" > \"${SCRIPT_OUTPUT_FILE_0}\"\n";
			showEnvVarsInLog = 0;
		};
/* End PBXShellScriptBuildPhase section */

/* Begin PBXSourcesBuildPhase section */
		44748C70219C6E1500AAF0FA /* Sources */ = {
			isa = PBXSourcesBuildPhase;
			buildActionMask = 2147483647;
			files = (
				27B0614C219EDDB400BB77E0 /* AvatarPickerController.swift in Sources */,
				272600E221A9EBC00059B2F1 /* Channel.swift in Sources */,
				440EEAEF219E4EC9007577AD /* User.swift in Sources */,
				272600E021A9EAAC0059B2F1 /* MessageService.swift in Sources */,
				2780105921A9FB7B004C19D5 /* ChannelCell.swift in Sources */,
				279824F3219CC0CD00E53760 /* CreateAccountViewController.swift in Sources */,
				279824F1219CB94C00E53760 /* LoginViewController.swift in Sources */,
				27B0614E219EE01C00BB77E0 /* AvatarCell.swift in Sources */,
				440EEAEB219E490C007577AD /* CreateUserResponse.swift in Sources */,
				27B0615521A035FC00BB77E0 /* ProfileViewController.swift in Sources */,
				27B06150219EE50200BB77E0 /* Avatar.swift in Sources */,
				440EEAE5219C7E32007577AD /* ChatViewController.swift in Sources */,
				27B06152219F0F0E00BB77E0 /* CircleImageView.swift in Sources */,
				440EEAE7219C7E45007577AD /* ChannelViewController.swift in Sources */,
				440EEAE9219E3AF9007577AD /* LoginResponse.swift in Sources */,
				27FEF41D219DE3B20054AA50 /* RoundedButton.swift in Sources */,
				279824EC219C8C2100E53760 /* GradientView.swift in Sources */,
				279824EF219CA91300E53760 /* Identifiers.swift in Sources */,
				44748C78219C6E1500AAF0FA /* AppDelegate.swift in Sources */,
				440EEAED219E4E13007577AD /* CurrentUserService.swift in Sources */,
				27FEF41B219DC9780054AA50 /* AuthService.swift in Sources */,
			);
			runOnlyForDeploymentPostprocessing = 0;
		};
/* End PBXSourcesBuildPhase section */

/* Begin PBXVariantGroup section */
		44748C7B219C6E1500AAF0FA /* Main.storyboard */ = {
			isa = PBXVariantGroup;
			children = (
				44748C7C219C6E1500AAF0FA /* Base */,
			);
			name = Main.storyboard;
			sourceTree = "<group>";
		};
		44748C80219C6E1700AAF0FA /* LaunchScreen.storyboard */ = {
			isa = PBXVariantGroup;
			children = (
				44748C81219C6E1700AAF0FA /* Base */,
			);
			name = LaunchScreen.storyboard;
			sourceTree = "<group>";
		};
/* End PBXVariantGroup section */

/* Begin XCBuildConfiguration section */
		44748C84219C6E1700AAF0FA /* Debug */ = {
			isa = XCBuildConfiguration;
			buildSettings = {
				ALWAYS_SEARCH_USER_PATHS = NO;
				CLANG_ANALYZER_NONNULL = YES;
				CLANG_ANALYZER_NUMBER_OBJECT_CONVERSION = YES_AGGRESSIVE;
				CLANG_CXX_LANGUAGE_STANDARD = "gnu++14";
				CLANG_CXX_LIBRARY = "libc++";
				CLANG_ENABLE_MODULES = YES;
				CLANG_ENABLE_OBJC_ARC = YES;
				CLANG_ENABLE_OBJC_WEAK = YES;
				CLANG_WARN_BLOCK_CAPTURE_AUTORELEASING = YES;
				CLANG_WARN_BOOL_CONVERSION = YES;
				CLANG_WARN_COMMA = YES;
				CLANG_WARN_CONSTANT_CONVERSION = YES;
				CLANG_WARN_DEPRECATED_OBJC_IMPLEMENTATIONS = YES;
				CLANG_WARN_DIRECT_OBJC_ISA_USAGE = YES_ERROR;
				CLANG_WARN_DOCUMENTATION_COMMENTS = YES;
				CLANG_WARN_EMPTY_BODY = YES;
				CLANG_WARN_ENUM_CONVERSION = YES;
				CLANG_WARN_INFINITE_RECURSION = YES;
				CLANG_WARN_INT_CONVERSION = YES;
				CLANG_WARN_NON_LITERAL_NULL_CONVERSION = YES;
				CLANG_WARN_OBJC_IMPLICIT_RETAIN_SELF = YES;
				CLANG_WARN_OBJC_LITERAL_CONVERSION = YES;
				CLANG_WARN_OBJC_ROOT_CLASS = YES_ERROR;
				CLANG_WARN_RANGE_LOOP_ANALYSIS = YES;
				CLANG_WARN_STRICT_PROTOTYPES = YES;
				CLANG_WARN_SUSPICIOUS_MOVE = YES;
				CLANG_WARN_UNGUARDED_AVAILABILITY = YES_AGGRESSIVE;
				CLANG_WARN_UNREACHABLE_CODE = YES;
				CLANG_WARN__DUPLICATE_METHOD_MATCH = YES;
				CODE_SIGN_IDENTITY = "iPhone Developer";
				COPY_PHASE_STRIP = NO;
				DEBUG_INFORMATION_FORMAT = dwarf;
				ENABLE_STRICT_OBJC_MSGSEND = YES;
				ENABLE_TESTABILITY = YES;
				GCC_C_LANGUAGE_STANDARD = gnu11;
				GCC_DYNAMIC_NO_PIC = NO;
				GCC_NO_COMMON_BLOCKS = YES;
				GCC_OPTIMIZATION_LEVEL = 0;
				GCC_PREPROCESSOR_DEFINITIONS = (
					"DEBUG=1",
					"$(inherited)",
				);
				GCC_WARN_64_TO_32_BIT_CONVERSION = YES;
				GCC_WARN_ABOUT_RETURN_TYPE = YES_ERROR;
				GCC_WARN_UNDECLARED_SELECTOR = YES;
				GCC_WARN_UNINITIALIZED_AUTOS = YES_AGGRESSIVE;
				GCC_WARN_UNUSED_FUNCTION = YES;
				GCC_WARN_UNUSED_VARIABLE = YES;
				IPHONEOS_DEPLOYMENT_TARGET = 12.1;
				MTL_ENABLE_DEBUG_INFO = INCLUDE_SOURCE;
				MTL_FAST_MATH = YES;
				ONLY_ACTIVE_ARCH = YES;
				SDKROOT = iphoneos;
				SWIFT_ACTIVE_COMPILATION_CONDITIONS = DEBUG;
				SWIFT_OPTIMIZATION_LEVEL = "-Onone";
			};
			name = Debug;
		};
		44748C85219C6E1700AAF0FA /* Release */ = {
			isa = XCBuildConfiguration;
			buildSettings = {
				ALWAYS_SEARCH_USER_PATHS = NO;
				CLANG_ANALYZER_NONNULL = YES;
				CLANG_ANALYZER_NUMBER_OBJECT_CONVERSION = YES_AGGRESSIVE;
				CLANG_CXX_LANGUAGE_STANDARD = "gnu++14";
				CLANG_CXX_LIBRARY = "libc++";
				CLANG_ENABLE_MODULES = YES;
				CLANG_ENABLE_OBJC_ARC = YES;
				CLANG_ENABLE_OBJC_WEAK = YES;
				CLANG_WARN_BLOCK_CAPTURE_AUTORELEASING = YES;
				CLANG_WARN_BOOL_CONVERSION = YES;
				CLANG_WARN_COMMA = YES;
				CLANG_WARN_CONSTANT_CONVERSION = YES;
				CLANG_WARN_DEPRECATED_OBJC_IMPLEMENTATIONS = YES;
				CLANG_WARN_DIRECT_OBJC_ISA_USAGE = YES_ERROR;
				CLANG_WARN_DOCUMENTATION_COMMENTS = YES;
				CLANG_WARN_EMPTY_BODY = YES;
				CLANG_WARN_ENUM_CONVERSION = YES;
				CLANG_WARN_INFINITE_RECURSION = YES;
				CLANG_WARN_INT_CONVERSION = YES;
				CLANG_WARN_NON_LITERAL_NULL_CONVERSION = YES;
				CLANG_WARN_OBJC_IMPLICIT_RETAIN_SELF = YES;
				CLANG_WARN_OBJC_LITERAL_CONVERSION = YES;
				CLANG_WARN_OBJC_ROOT_CLASS = YES_ERROR;
				CLANG_WARN_RANGE_LOOP_ANALYSIS = YES;
				CLANG_WARN_STRICT_PROTOTYPES = YES;
				CLANG_WARN_SUSPICIOUS_MOVE = YES;
				CLANG_WARN_UNGUARDED_AVAILABILITY = YES_AGGRESSIVE;
				CLANG_WARN_UNREACHABLE_CODE = YES;
				CLANG_WARN__DUPLICATE_METHOD_MATCH = YES;
				CODE_SIGN_IDENTITY = "iPhone Developer";
				COPY_PHASE_STRIP = NO;
				DEBUG_INFORMATION_FORMAT = "dwarf-with-dsym";
				ENABLE_NS_ASSERTIONS = NO;
				ENABLE_STRICT_OBJC_MSGSEND = YES;
				GCC_C_LANGUAGE_STANDARD = gnu11;
				GCC_NO_COMMON_BLOCKS = YES;
				GCC_WARN_64_TO_32_BIT_CONVERSION = YES;
				GCC_WARN_ABOUT_RETURN_TYPE = YES_ERROR;
				GCC_WARN_UNDECLARED_SELECTOR = YES;
				GCC_WARN_UNINITIALIZED_AUTOS = YES_AGGRESSIVE;
				GCC_WARN_UNUSED_FUNCTION = YES;
				GCC_WARN_UNUSED_VARIABLE = YES;
				IPHONEOS_DEPLOYMENT_TARGET = 12.1;
				MTL_ENABLE_DEBUG_INFO = NO;
				MTL_FAST_MATH = YES;
				SDKROOT = iphoneos;
				SWIFT_COMPILATION_MODE = wholemodule;
				SWIFT_OPTIMIZATION_LEVEL = "-O";
				VALIDATE_PRODUCT = YES;
			};
			name = Release;
		};
		44748C87219C6E1700AAF0FA /* Debug */ = {
			isa = XCBuildConfiguration;
			baseConfigurationReference = 6987FA877B3C861B64E9C5A2 /* Pods-Smack.debug.xcconfig */;
			buildSettings = {
				ASSETCATALOG_COMPILER_APPICON_NAME = AppIcon;
				CLANG_ENABLE_MODULES = YES;
				CODE_SIGN_STYLE = Automatic;
				DEVELOPMENT_TEAM = 8FN9PNN474;
				INFOPLIST_FILE = Smack/Info.plist;
				LD_RUNPATH_SEARCH_PATHS = (
					"$(inherited)",
					"@executable_path/Frameworks",
				);
				PRODUCT_BUNDLE_IDENTIFIER = com.kathyebel.Smack;
				PRODUCT_NAME = "$(TARGET_NAME)";
				SWIFT_OPTIMIZATION_LEVEL = "-Onone";
				SWIFT_VERSION = 4.2;
				TARGETED_DEVICE_FAMILY = "1,2";
			};
			name = Debug;
		};
		44748C88219C6E1700AAF0FA /* Release */ = {
			isa = XCBuildConfiguration;
			baseConfigurationReference = DC73423939772108D068566D /* Pods-Smack.release.xcconfig */;
			buildSettings = {
				ASSETCATALOG_COMPILER_APPICON_NAME = AppIcon;
				CLANG_ENABLE_MODULES = YES;
				CODE_SIGN_STYLE = Automatic;
				DEVELOPMENT_TEAM = 8FN9PNN474;
				INFOPLIST_FILE = Smack/Info.plist;
				LD_RUNPATH_SEARCH_PATHS = (
					"$(inherited)",
					"@executable_path/Frameworks",
				);
				PRODUCT_BUNDLE_IDENTIFIER = com.kathyebel.Smack;
				PRODUCT_NAME = "$(TARGET_NAME)";
				SWIFT_VERSION = 4.2;
				TARGETED_DEVICE_FAMILY = "1,2";
			};
			name = Release;
		};
/* End XCBuildConfiguration section */

/* Begin XCConfigurationList section */
		44748C6F219C6E1500AAF0FA /* Build configuration list for PBXProject "Smack" */ = {
			isa = XCConfigurationList;
			buildConfigurations = (
				44748C84219C6E1700AAF0FA /* Debug */,
				44748C85219C6E1700AAF0FA /* Release */,
			);
			defaultConfigurationIsVisible = 0;
			defaultConfigurationName = Release;
		};
		44748C86219C6E1700AAF0FA /* Build configuration list for PBXNativeTarget "Smack" */ = {
			isa = XCConfigurationList;
			buildConfigurations = (
				44748C87219C6E1700AAF0FA /* Debug */,
				44748C88219C6E1700AAF0FA /* Release */,
			);
			defaultConfigurationIsVisible = 0;
			defaultConfigurationName = Release;
		};
/* End XCConfigurationList section */
	};
	rootObject = 44748C6C219C6E1500AAF0FA /* Project object */;
}
